
Microsoft Visual Studio Solution File, Format Version 12.00
# Visual Studio 15
VisualStudioVersion = 15.0.26730.10
MinimumVisualStudioVersion = 10.0.40219.1
Project("{FAE04EC0-301F-11D3-BF4B-00C04F79EFBC}") = "Spla2n Stuff", "Spla2n Stuff\Spla2n Stuff.csproj", "{50321439-8443-4666-BF46-2E400462AFD1}"
EndProject
Global
	GlobalSection(SolutionConfigurationPlatforms) = preSolution
		Debug|Any CPU = Debug|Any CPU
		Release|Any CPU = Release|Any CPU
	EndGlobalSection
	GlobalSection(ProjectConfigurationPlatforms) = postSolution
		{50321439-8443-4666-BF46-2E400462AFD1}.Debug|Any CPU.ActiveCfg = Debug|Any CPU
		{50321439-8443-4666-BF46-2E400462AFD1}.Debug|Any CPU.Build.0 = Debug|Any CPU
		{50321439-8443-4666-BF46-2E400462AFD1}.Debug|Any CPU.Deploy.0 = Debug|Any CPU
		{50321439-8443-4666-BF46-2E400462AFD1}.Release|Any CPU.ActiveCfg = Release|Any CPU
		{50321439-8443-4666-BF46-2E400462AFD1}.Release|Any CPU.Build.0 = Release|Any CPU
		{50321439-8443-4666-BF46-2E400462AFD1}.Release|Any CPU.Deploy.0 = Release|Any CPU
	EndGlobalSection
	GlobalSection(SolutionProperties) = preSolution
		HideSolutionNode = FALSE
	EndGlobalSection
	GlobalSection(ExtensibilityGlobals) = postSolution
		SolutionGuid = {7A34AE95-3DD8-484C-BC13-96E8E61AA594}
	EndGlobalSection
EndGlobal
